
Microsoft Visual Studio Solution File, Format Version 12.00
# Visual Studio Version 16
VisualStudioVersion = 16.0.29123.88
MinimumVisualStudioVersion = 10.0.40219.1
Project("{FAE04EC0-301F-11D3-BF4B-00C04F79EFBC}") = "WarehouseCRUD", "WarehouseCRUD\WarehouseCRUD.csproj", "{F25A2285-5120-443D-BBE7-21666ABEB0AD}"
EndProject
Global
	GlobalSection(SolutionConfigurationPlatforms) = preSolution
		Debug|Any CPU = Debug|Any CPU
		Release|Any CPU = Release|Any CPU
	EndGlobalSection
	GlobalSection(ProjectConfigurationPlatforms) = postSolution
		{F25A2285-5120-443D-BBE7-21666ABEB0AD}.Debug|Any CPU.ActiveCfg = Debug|Any CPU
		{F25A2285-5120-443D-BBE7-21666ABEB0AD}.Debug|Any CPU.Build.0 = Debug|Any CPU
		{F25A2285-5120-443D-BBE7-21666ABEB0AD}.Release|Any CPU.ActiveCfg = Release|Any CPU
		{F25A2285-5120-443D-BBE7-21666ABEB0AD}.Release|Any CPU.Build.0 = Release|Any CPU
	EndGlobalSection
	GlobalSection(SolutionProperties) = preSolution
		HideSolutionNode = FALSE
	EndGlobalSection
	GlobalSection(ExtensibilityGlobals) = postSolution
		SolutionGuid = {AF9C9EA0-59A8-43B6-91BB-76332AFC8CFA}
	EndGlobalSection
EndGlobal
